
Microsoft Visual Studio Solution File, Format Version 12.00
# Visual Studio 15
VisualStudioVersion = 15.0.28307.645
MinimumVisualStudioVersion = 10.0.40219.1
Project("{FAE04EC0-301F-11D3-BF4B-00C04F79EFBC}") = "ExemploProduto", "ExemploProduto\ExemploProduto.csproj", "{389E6120-45F4-4323-9B18-2BE42B42028B}"
EndProject
Global
	GlobalSection(SolutionConfigurationPlatforms) = preSolution
		Debug|Any CPU = Debug|Any CPU
		Release|Any CPU = Release|Any CPU
	EndGlobalSection
	GlobalSection(ProjectConfigurationPlatforms) = postSolution
		{389E6120-45F4-4323-9B18-2BE42B42028B}.Debug|Any CPU.ActiveCfg = Debug|Any CPU
		{389E6120-45F4-4323-9B18-2BE42B42028B}.Debug|Any CPU.Build.0 = Debug|Any CPU
		{389E6120-45F4-4323-9B18-2BE42B42028B}.Release|Any CPU.ActiveCfg = Release|Any CPU
		{389E6120-45F4-4323-9B18-2BE42B42028B}.Release|Any CPU.Build.0 = Release|Any CPU
	EndGlobalSection
	GlobalSection(SolutionProperties) = preSolution
		HideSolutionNode = FALSE
	EndGlobalSection
	GlobalSection(ExtensibilityGlobals) = postSolution
		SolutionGuid = {3E1C3129-4F30-493C-A579-B6895EF3E868}
	EndGlobalSection
EndGlobal
