
Microsoft Visual Studio Solution File, Format Version 12.00
# Visual Studio 15
VisualStudioVersion = 15.0.28307.645
MinimumVisualStudioVersion = 10.0.40219.1
Project("{FAE04EC0-301F-11D3-BF4B-00C04F79EFBC}") = "ExercicioS4E3", "ExercicioS4E3\ExercicioS4E3.csproj", "{51ABFCCF-7016-4297-8F0F-E0C87D067276}"
EndProject
Global
	GlobalSection(SolutionConfigurationPlatforms) = preSolution
		Debug|Any CPU = Debug|Any CPU
		Release|Any CPU = Release|Any CPU
	EndGlobalSection
	GlobalSection(ProjectConfigurationPlatforms) = postSolution
		{51ABFCCF-7016-4297-8F0F-E0C87D067276}.Debug|Any CPU.ActiveCfg = Debug|Any CPU
		{51ABFCCF-7016-4297-8F0F-E0C87D067276}.Debug|Any CPU.Build.0 = Debug|Any CPU
		{51ABFCCF-7016-4297-8F0F-E0C87D067276}.Release|Any CPU.ActiveCfg = Release|Any CPU
		{51ABFCCF-7016-4297-8F0F-E0C87D067276}.Release|Any CPU.Build.0 = Release|Any CPU
	EndGlobalSection
	GlobalSection(SolutionProperties) = preSolution
		HideSolutionNode = FALSE
	EndGlobalSection
	GlobalSection(ExtensibilityGlobals) = postSolution
		SolutionGuid = {FDDF6C8E-EDF5-40EE-BF51-E4031942F84A}
	EndGlobalSection
EndGlobal
