
Microsoft Visual Studio Solution File, Format Version 12.00
# Visual Studio 15
VisualStudioVersion = 15.0.28307.645
MinimumVisualStudioVersion = 10.0.40219.1
Project("{FAE04EC0-301F-11D3-BF4B-00C04F79EFBC}") = "Exercicio01", "Exercicio01\Exercicio01.csproj", "{FA458201-C76C-4497-963F-92444724CD50}"
EndProject
Global
	GlobalSection(SolutionConfigurationPlatforms) = preSolution
		Debug|Any CPU = Debug|Any CPU
		Release|Any CPU = Release|Any CPU
	EndGlobalSection
	GlobalSection(ProjectConfigurationPlatforms) = postSolution
		{FA458201-C76C-4497-963F-92444724CD50}.Debug|Any CPU.ActiveCfg = Debug|Any CPU
		{FA458201-C76C-4497-963F-92444724CD50}.Debug|Any CPU.Build.0 = Debug|Any CPU
		{FA458201-C76C-4497-963F-92444724CD50}.Release|Any CPU.ActiveCfg = Release|Any CPU
		{FA458201-C76C-4497-963F-92444724CD50}.Release|Any CPU.Build.0 = Release|Any CPU
	EndGlobalSection
	GlobalSection(SolutionProperties) = preSolution
		HideSolutionNode = FALSE
	EndGlobalSection
	GlobalSection(ExtensibilityGlobals) = postSolution
		SolutionGuid = {B47260AF-D459-4468-A13F-DA8B90AC7AD9}
	EndGlobalSection
EndGlobal
